
Microsoft Visual Studio Solution File, Format Version 12.00
# Visual Studio Version 17
VisualStudioVersion = 17.7.34009.444
MinimumVisualStudioVersion = 10.0.40219.1
Project("{FAE04EC0-301F-11D3-BF4B-00C04F79EFBC}") = "Core", "..\Core\Core.csproj", "{B531AA78-DAC5-4128-B9A6-547E9CC3360B}"
EndProject
Project("{FAE04EC0-301F-11D3-BF4B-00C04F79EFBC}") = "Server", "..\Server\Server.csproj", "{7FFE6CC1-1A61-44B8-82CD-EEC85A5A890B}"
EndProject
Project("{FAE04EC0-301F-11D3-BF4B-00C04F79EFBC}") = "Client", "..\Client\Client.csproj", "{216CCB8A-448B-4299-B1F3-E4FE0E7E3953}"
EndProject
Global
	GlobalSection(SolutionConfigurationPlatforms) = preSolution
		Debug|Any CPU = Debug|Any CPU
		Release|Any CPU = Release|Any CPU
	EndGlobalSection
	GlobalSection(ProjectConfigurationPlatforms) = postSolution
		{B531AA78-DAC5-4128-B9A6-547E9CC3360B}.Debug|Any CPU.ActiveCfg = Debug|Any CPU
		{B531AA78-DAC5-4128-B9A6-547E9CC3360B}.Debug|Any CPU.Build.0 = Debug|Any CPU
		{B531AA78-DAC5-4128-B9A6-547E9CC3360B}.Release|Any CPU.ActiveCfg = Release|Any CPU
		{B531AA78-DAC5-4128-B9A6-547E9CC3360B}.Release|Any CPU.Build.0 = Release|Any CPU
		{7FFE6CC1-1A61-44B8-82CD-EEC85A5A890B}.Debug|Any CPU.ActiveCfg = Debug|Any CPU
		{7FFE6CC1-1A61-44B8-82CD-EEC85A5A890B}.Debug|Any CPU.Build.0 = Debug|Any CPU
		{7FFE6CC1-1A61-44B8-82CD-EEC85A5A890B}.Release|Any CPU.ActiveCfg = Release|Any CPU
		{7FFE6CC1-1A61-44B8-82CD-EEC85A5A890B}.Release|Any CPU.Build.0 = Release|Any CPU
		{216CCB8A-448B-4299-B1F3-E4FE0E7E3953}.Debug|Any CPU.ActiveCfg = Debug|Any CPU
		{216CCB8A-448B-4299-B1F3-E4FE0E7E3953}.Debug|Any CPU.Build.0 = Debug|Any CPU
		{216CCB8A-448B-4299-B1F3-E4FE0E7E3953}.Release|Any CPU.ActiveCfg = Release|Any CPU
		{216CCB8A-448B-4299-B1F3-E4FE0E7E3953}.Release|Any CPU.Build.0 = Release|Any CPU
	EndGlobalSection
	GlobalSection(SolutionProperties) = preSolution
		HideSolutionNode = FALSE
	EndGlobalSection
	GlobalSection(ExtensibilityGlobals) = postSolution
		SolutionGuid = {1EA6A055-40B5-4881-9B4A-BB14AD61BCD2}
	EndGlobalSection
EndGlobal
